{
  "lockfile_version": "1",
  "packages": {
    "github:NixOS/nixpkgs/nixpkgs-unstable": {
      "last_modified": "2025-08-25T22:07:10Z",
      "resolved": "github:NixOS/nixpkgs/84c256e42600cb0fdf25763b48d28df2f25a0c8b?lastModified=1756159630&narHash=sha256-ohMvsjtSVdT%2FbruXf5ClBh8ZYXRmD4krmjKrXhEvwMg%3D"
    },
    "go@1.24.5": {
      "last_modified": "2025-07-28T17:09:23Z",
      "resolved": "github:NixOS/nixpkgs/648f70160c03151bc2121d179291337ad6bc564b#go",
      "source": "devbox-search",
      "version": "1.24.5",
      "systems": {
        "aarch64-darwin": {
          "outputs": [
            {
              "name": "out",
              "path": "/nix/store/kw1vd98s15vj700m3gx2x2xca2z477i3-go-1.24.5",
              "default": true
            }
          ],
          "store_path": "/nix/store/kw1vd98s15vj700m3gx2x2xca2z477i3-go-1.24.5"
        },
        "aarch64-linux": {
          "outputs": [
            {
              "name": "out",
              "path": "/nix/store/5bzlaj0c4mqw9p0zrcx5g9vz16vd45dl-go-1.24.5",
              "default": true
            }
          ],
          "store_path": "/nix/store/5bzlaj0c4mqw9p0zrcx5g9vz16vd45dl-go-1.24.5"
        },
        "x86_64-darwin": {
          "outputs": [
            {
              "name": "out",
              "path": "/nix/store/b72n20ixzl5ja9vciwahkr30bhmsn5jc-go-1.24.5",
              "default": true
            }
          ],
          "store_path": "/nix/store/b72n20ixzl5ja9vciwahkr30bhmsn5jc-go-1.24.5"
        },
        "x86_64-linux": {
          "outputs": [
            {
              "name": "out",
              "path": "/nix/store/y4awwzp30ka130wmjrpaqjmjdf9p010w-go-1.24.5",
              "default": true
            }
          ],
          "store_path": "/nix/store/y4awwzp30ka130wmjrpaqjmjdf9p010w-go-1.24.5"
        }
      }
    },
    "golangci-lint@2.3.1": {
      "last_modified": "2025-08-03T19:18:05Z",
      "resolved": "github:NixOS/nixpkgs/bf9fa86a9b1005d932f842edf2c38eeecc98eef3#golangci-lint",
      "source": "devbox-search",
      "version": "2.3.1",
      "systems": {
        "aarch64-darwin": {
          "outputs": [
            {
              "name": "out",
              "path": "/nix/store/ahn380skfkdg3ynimjpqakc1wp26mpsi-golangci-lint-2.3.1",
              "default": true
            }
          ],
          "store_path": "/nix/store/ahn380skfkdg3ynimjpqakc1wp26mpsi-golangci-lint-2.3.1"
        },
        "aarch64-linux": {
          "outputs": [
            {
              "name": "out",
              "path": "/nix/store/5wf61l5pnqlna9mwllllq334rkh1i2a6-golangci-lint-2.3.1",
              "default": true
            }
          ],
          "store_path": "/nix/store/5wf61l5pnqlna9mwllllq334rkh1i2a6-golangci-lint-2.3.1"
        },
        "x86_64-darwin": {
          "outputs": [
            {
              "name": "out",
              "path": "/nix/store/sbqfd50kb6g4gka3w1vixjrnacspdwq5-golangci-lint-2.3.1",
              "default": true
            }
          ],
          "store_path": "/nix/store/sbqfd50kb6g4gka3w1vixjrnacspdwq5-golangci-lint-2.3.1"
        },
        "x86_64-linux": {
          "outputs": [
            {
              "name": "out",
              "path": "/nix/store/kxbsvkixvkn0ss81rbc1g814sizd1jwj-golangci-lint-2.3.1",
              "default": true
            }
          ],
          "store_path": "/nix/store/kxbsvkixvkn0ss81rbc1g814sizd1jwj-golangci-lint-2.3.1"
        }
      }
    },
    "gomarkdoc@1.1.0": {
      "last_modified": "2025-07-28T17:09:23Z",
      "resolved": "github:NixOS/nixpkgs/648f70160c03151bc2121d179291337ad6bc564b#gomarkdoc",
      "source": "devbox-search",
      "version": "1.1.0",
      "systems": {
        "aarch64-darwin": {
          "outputs": [
            {
              "name": "out",
              "path": "/nix/store/nx3gxbd6kg35wbgrdy8kcn71pzjl362n-gomarkdoc-1.1.0",
              "default": true
            }
          ],
          "store_path": "/nix/store/nx3gxbd6kg35wbgrdy8kcn71pzjl362n-gomarkdoc-1.1.0"
        },
        "aarch64-linux": {
          "outputs": [
            {
              "name": "out",
              "path": "/nix/store/x5z087hv8s919176vsc0ja21b2x0plvb-gomarkdoc-1.1.0",
              "default": true
            }
          ],
          "store_path": "/nix/store/x5z087hv8s919176vsc0ja21b2x0plvb-gomarkdoc-1.1.0"
        },
        "x86_64-darwin": {
          "outputs": [
            {
              "name": "out",
              "path": "/nix/store/rvlsn0jhldrrwjl1skxlpxcjx37135lg-gomarkdoc-1.1.0",
              "default": true
            }
          ],
          "store_path": "/nix/store/rvlsn0jhldrrwjl1skxlpxcjx37135lg-gomarkdoc-1.1.0"
        },
        "x86_64-linux": {
          "outputs": [
            {
              "name": "out",
              "path": "/nix/store/k214df51nznpgf01gc88l1hma0jgl7nk-gomarkdoc-1.1.0",
              "default": true
            }
          ],
          "store_path": "/nix/store/k214df51nznpgf01gc88l1hma0jgl7nk-gomarkdoc-1.1.0"
        }
      }
    },
    "hugo@0.148.2": {
      "last_modified": "2025-07-28T17:09:23Z",
      "resolved": "github:NixOS/nixpkgs/648f70160c03151bc2121d179291337ad6bc564b#hugo",
      "source": "devbox-search",
      "version": "0.148.2",
      "systems": {
        "aarch64-darwin": {
          "outputs": [
            {
              "name": "out",
              "path": "/nix/store/9yj3fphpkjkkhhr8pfxk5r6ws41n17qy-hugo-0.148.2",
              "default": true
            }
          ],
          "store_path": "/nix/store/9yj3fphpkjkkhhr8pfxk5r6ws41n17qy-hugo-0.148.2"
        },
        "aarch64-linux": {
          "outputs": [
            {
              "name": "out",
              "path": "/nix/store/zg314jwfh6q428ymnl57nv7jqyyaq1qz-hugo-0.148.2",
              "default": true
            }
          ],
          "store_path": "/nix/store/zg314jwfh6q428ymnl57nv7jqyyaq1qz-hugo-0.148.2"
        },
        "x86_64-darwin": {
          "outputs": [
            {
              "name": "out",
              "path": "/nix/store/wyhy996fyn61b1cgbl5b7xpha74kxzcq-hugo-0.148.2",
              "default": true
            }
          ],
          "store_path": "/nix/store/wyhy996fyn61b1cgbl5b7xpha74kxzcq-hugo-0.148.2"
        },
        "x86_64-linux": {
          "outputs": [
            {
              "name": "out",
              "path": "/nix/store/ji15a88bnlzhpkinvbmbb9vnkhmmx3m2-hugo-0.148.2",
              "default": true
            }
          ],
          "store_path": "/nix/store/ji15a88bnlzhpkinvbmbb9vnkhmmx3m2-hugo-0.148.2"
        }
      }
    },
    "nodejs@24.5.0": {
      "last_modified": "2025-08-11T07:05:29Z",
      "plugin_version": "0.0.2",
      "resolved": "github:NixOS/nixpkgs/9585e9192aadc13ec3e49f33f8333bd3cda524df#nodejs_24",
      "source": "devbox-search",
      "version": "24.5.0",
      "systems": {
        "aarch64-darwin": {
          "outputs": [
            {
              "name": "out",
              "path": "/nix/store/b1j05q96hwagn787p2jlgqcjg2nf5x49-nodejs-24.5.0",
              "default": true
            },
            {
              "name": "dev",
              "path": "/nix/store/j6ayg4xpqy9xdxgrhpqylzq8v7v07c6r-nodejs-24.5.0-dev"
            },
            {
              "name": "libv8",
              "path": "/nix/store/3ys6v5s5gvd9snwnl4saynl6av7mz3vy-nodejs-24.5.0-libv8"
            }
          ],
          "store_path": "/nix/store/b1j05q96hwagn787p2jlgqcjg2nf5x49-nodejs-24.5.0"
        },
        "aarch64-linux": {
          "outputs": [
            {
              "name": "out",
              "path": "/nix/store/1kn0vh4gf3a22arldrw694apq3fhgp15-nodejs-24.5.0",
              "default": true
            },
            {
              "name": "dev",
              "path": "/nix/store/i3lqaj3j6znhnzh8ayka6q85r81ppxnw-nodejs-24.5.0-dev"
            },
            {
              "name": "libv8",
              "path": "/nix/store/jjw6xgmg6qynp336g9igqnzlfbhzxr2i-nodejs-24.5.0-libv8"
            }
          ],
          "store_path": "/nix/store/1kn0vh4gf3a22arldrw694apq3fhgp15-nodejs-24.5.0"
        },
        "x86_64-darwin": {
          "outputs": [
            {
              "name": "out",
              "path": "/nix/store/sbcg21wp4bdzyh2542v77sp535kvfbfq-nodejs-24.5.0",
              "default": true
            },
            {
              "name": "libv8",
              "path": "/nix/store/75b7iix0pbmxmfnmv90l3q0ll1gc75az-nodejs-24.5.0-libv8"
            },
            {
              "name": "dev",
              "path": "/nix/store/fg7pi9s6m0spci1pfqbny0kxmk832i3r-nodejs-24.5.0-dev"
            }
          ],
          "store_path": "/nix/store/sbcg21wp4bdzyh2542v77sp535kvfbfq-nodejs-24.5.0"
        },
        "x86_64-linux": {
          "outputs": [
            {
              "name": "out",
              "path": "/nix/store/357id3rjy9417k4dkvxxmpgd9bxrwc7l-nodejs-24.5.0",
              "default": true
            },
            {
              "name": "dev",
              "path": "/nix/store/0drh8jjq84sji6889l2k3ysmvy7sc9sg-nodejs-24.5.0-dev"
            },
            {
              "name": "libv8",
              "path": "/nix/store/kdlv4q7sgap0z43cylklhxz1g1q7751b-nodejs-24.5.0-libv8"
            }
          ],
          "store_path": "/nix/store/357id3rjy9417k4dkvxxmpgd9bxrwc7l-nodejs-24.5.0"
        }
      }
    }
  }
}
